
Microsoft Visual Studio Solution File, Format Version 12.00
# Visual Studio 15
VisualStudioVersion = 15.0.27130.2024
MinimumVisualStudioVersion = 10.0.40219.1
Project("{FAE04EC0-301F-11D3-BF4B-00C04F79EFBC}") = "GoodRecipe.Mobile.Android", "src\GoodRecipe.Mobile\GoodRecipe.Mobile.Android\GoodRecipe.Mobile.Android.csproj", "{55FD61BF-24CB-4853-A655-B2A60D4060C3}"
EndProject
Project("{FAE04EC0-301F-11D3-BF4B-00C04F79EFBC}") = "GoodRecipe.Mobile.iOS", "src\GoodRecipe.Mobile\GoodRecipe.Mobile.iOS\GoodRecipe.Mobile.iOS.csproj", "{3C474AA4-3040-483E-8D32-DCD4D91496EB}"
EndProject
Project("{FAE04EC0-301F-11D3-BF4B-00C04F79EFBC}") = "GoodRecipe.Mobile", "src\GoodRecipe.Mobile\GoodRecipe.Mobile\GoodRecipe.Mobile.csproj", "{DCF362D9-738D-4C1F-A6FB-4E6C4EEC81BA}"
EndProject
Project("{2150E333-8FDC-42A3-9474-1A3956D46DE8}") = "App", "App", "{53666408-0A2E-4388-86A8-CF83147D87D1}"
EndProject
Project("{2150E333-8FDC-42A3-9474-1A3956D46DE8}") = "Server", "Server", "{1A9E4BD3-3519-47F0-91A5-B0FF865E864E}"
EndProject
Project("{FAE04EC0-301F-11D3-BF4B-00C04F79EFBC}") = "GoodRecipe.Api", "src\GoodRecipe.Api\GoodRecipe.Api.csproj", "{0073371D-26EF-4D82-AD0A-EC44F8428B5A}"
EndProject
Global
	GlobalSection(SolutionConfigurationPlatforms) = preSolution
		Ad-Hoc|Any CPU = Ad-Hoc|Any CPU
		Ad-Hoc|iPhone = Ad-Hoc|iPhone
		Ad-Hoc|iPhoneSimulator = Ad-Hoc|iPhoneSimulator
		AppStore|Any CPU = AppStore|Any CPU
		AppStore|iPhone = AppStore|iPhone
		AppStore|iPhoneSimulator = AppStore|iPhoneSimulator
		Debug|Any CPU = Debug|Any CPU
		Debug|iPhone = Debug|iPhone
		Debug|iPhoneSimulator = Debug|iPhoneSimulator
		Release|Any CPU = Release|Any CPU
		Release|iPhone = Release|iPhone
		Release|iPhoneSimulator = Release|iPhoneSimulator
	EndGlobalSection
	GlobalSection(ProjectConfigurationPlatforms) = postSolution
		{55FD61BF-24CB-4853-A655-B2A60D4060C3}.Ad-Hoc|Any CPU.ActiveCfg = Release|Any CPU
		{55FD61BF-24CB-4853-A655-B2A60D4060C3}.Ad-Hoc|Any CPU.Build.0 = Release|Any CPU
		{55FD61BF-24CB-4853-A655-B2A60D4060C3}.Ad-Hoc|Any CPU.Deploy.0 = Release|Any CPU
		{55FD61BF-24CB-4853-A655-B2A60D4060C3}.Ad-Hoc|iPhone.ActiveCfg = Release|Any CPU
		{55FD61BF-24CB-4853-A655-B2A60D4060C3}.Ad-Hoc|iPhone.Build.0 = Release|Any CPU
		{55FD61BF-24CB-4853-A655-B2A60D4060C3}.Ad-Hoc|iPhone.Deploy.0 = Release|Any CPU
		{55FD61BF-24CB-4853-A655-B2A60D4060C3}.Ad-Hoc|iPhoneSimulator.ActiveCfg = Release|Any CPU
		{55FD61BF-24CB-4853-A655-B2A60D4060C3}.Ad-Hoc|iPhoneSimulator.Build.0 = Release|Any CPU
		{55FD61BF-24CB-4853-A655-B2A60D4060C3}.Ad-Hoc|iPhoneSimulator.Deploy.0 = Release|Any CPU
		{55FD61BF-24CB-4853-A655-B2A60D4060C3}.AppStore|Any CPU.ActiveCfg = Release|Any CPU
		{55FD61BF-24CB-4853-A655-B2A60D4060C3}.AppStore|Any CPU.Build.0 = Release|Any CPU
		{55FD61BF-24CB-4853-A655-B2A60D4060C3}.AppStore|Any CPU.Deploy.0 = Release|Any CPU
		{55FD61BF-24CB-4853-A655-B2A60D4060C3}.AppStore|iPhone.ActiveCfg = Release|Any CPU
		{55FD61BF-24CB-4853-A655-B2A60D4060C3}.AppStore|iPhone.Build.0 = Release|Any CPU
		{55FD61BF-24CB-4853-A655-B2A60D4060C3}.AppStore|iPhone.Deploy.0 = Release|Any CPU
		{55FD61BF-24CB-4853-A655-B2A60D4060C3}.AppStore|iPhoneSimulator.ActiveCfg = Release|Any CPU
		{55FD61BF-24CB-4853-A655-B2A60D4060C3}.AppStore|iPhoneSimulator.Build.0 = Release|Any CPU
		{55FD61BF-24CB-4853-A655-B2A60D4060C3}.AppStore|iPhoneSimulator.Deploy.0 = Release|Any CPU
		{55FD61BF-24CB-4853-A655-B2A60D4060C3}.Debug|Any CPU.ActiveCfg = Debug|Any CPU
		{55FD61BF-24CB-4853-A655-B2A60D4060C3}.Debug|Any CPU.Build.0 = Debug|Any CPU
		{55FD61BF-24CB-4853-A655-B2A60D4060C3}.Debug|Any CPU.Deploy.0 = Debug|Any CPU
		{55FD61BF-24CB-4853-A655-B2A60D4060C3}.Debug|iPhone.ActiveCfg = Debug|Any CPU
		{55FD61BF-24CB-4853-A655-B2A60D4060C3}.Debug|iPhone.Build.0 = Debug|Any CPU
		{55FD61BF-24CB-4853-A655-B2A60D4060C3}.Debug|iPhone.Deploy.0 = Debug|Any CPU
		{55FD61BF-24CB-4853-A655-B2A60D4060C3}.Debug|iPhoneSimulator.ActiveCfg = Debug|Any CPU
		{55FD61BF-24CB-4853-A655-B2A60D4060C3}.Debug|iPhoneSimulator.Build.0 = Debug|Any CPU
		{55FD61BF-24CB-4853-A655-B2A60D4060C3}.Debug|iPhoneSimulator.Deploy.0 = Debug|Any CPU
		{55FD61BF-24CB-4853-A655-B2A60D4060C3}.Release|Any CPU.ActiveCfg = Release|Any CPU
		{55FD61BF-24CB-4853-A655-B2A60D4060C3}.Release|Any CPU.Build.0 = Release|Any CPU
		{55FD61BF-24CB-4853-A655-B2A60D4060C3}.Release|Any CPU.Deploy.0 = Release|Any CPU
		{55FD61BF-24CB-4853-A655-B2A60D4060C3}.Release|iPhone.ActiveCfg = Release|Any CPU
		{55FD61BF-24CB-4853-A655-B2A60D4060C3}.Release|iPhone.Build.0 = Release|Any CPU
		{55FD61BF-24CB-4853-A655-B2A60D4060C3}.Release|iPhone.Deploy.0 = Release|Any CPU
		{55FD61BF-24CB-4853-A655-B2A60D4060C3}.Release|iPhoneSimulator.ActiveCfg = Release|Any CPU
		{55FD61BF-24CB-4853-A655-B2A60D4060C3}.Release|iPhoneSimulator.Build.0 = Release|Any CPU
		{55FD61BF-24CB-4853-A655-B2A60D4060C3}.Release|iPhoneSimulator.Deploy.0 = Release|Any CPU
		{3C474AA4-3040-483E-8D32-DCD4D91496EB}.Ad-Hoc|Any CPU.ActiveCfg = Ad-Hoc|iPhone
		{3C474AA4-3040-483E-8D32-DCD4D91496EB}.Ad-Hoc|iPhone.ActiveCfg = Ad-Hoc|iPhone
		{3C474AA4-3040-483E-8D32-DCD4D91496EB}.Ad-Hoc|iPhone.Build.0 = Ad-Hoc|iPhone
		{3C474AA4-3040-483E-8D32-DCD4D91496EB}.Ad-Hoc|iPhoneSimulator.ActiveCfg = Ad-Hoc|iPhoneSimulator
		{3C474AA4-3040-483E-8D32-DCD4D91496EB}.Ad-Hoc|iPhoneSimulator.Build.0 = Ad-Hoc|iPhoneSimulator
		{3C474AA4-3040-483E-8D32-DCD4D91496EB}.AppStore|Any CPU.ActiveCfg = AppStore|iPhone
		{3C474AA4-3040-483E-8D32-DCD4D91496EB}.AppStore|iPhone.ActiveCfg = AppStore|iPhone
		{3C474AA4-3040-483E-8D32-DCD4D91496EB}.AppStore|iPhone.Build.0 = AppStore|iPhone
		{3C474AA4-3040-483E-8D32-DCD4D91496EB}.AppStore|iPhoneSimulator.ActiveCfg = AppStore|iPhoneSimulator
		{3C474AA4-3040-483E-8D32-DCD4D91496EB}.AppStore|iPhoneSimulator.Build.0 = AppStore|iPhoneSimulator
		{3C474AA4-3040-483E-8D32-DCD4D91496EB}.Debug|Any CPU.ActiveCfg = Debug|iPhone
		{3C474AA4-3040-483E-8D32-DCD4D91496EB}.Debug|iPhone.ActiveCfg = Debug|iPhone
		{3C474AA4-3040-483E-8D32-DCD4D91496EB}.Debug|iPhone.Build.0 = Debug|iPhone
		{3C474AA4-3040-483E-8D32-DCD4D91496EB}.Debug|iPhoneSimulator.ActiveCfg = Debug|iPhoneSimulator
		{3C474AA4-3040-483E-8D32-DCD4D91496EB}.Debug|iPhoneSimulator.Build.0 = Debug|iPhoneSimulator
		{3C474AA4-3040-483E-8D32-DCD4D91496EB}.Release|Any CPU.ActiveCfg = Release|iPhone
		{3C474AA4-3040-483E-8D32-DCD4D91496EB}.Release|iPhone.ActiveCfg = Release|iPhone
		{3C474AA4-3040-483E-8D32-DCD4D91496EB}.Release|iPhone.Build.0 = Release|iPhone
		{3C474AA4-3040-483E-8D32-DCD4D91496EB}.Release|iPhoneSimulator.ActiveCfg = Release|iPhoneSimulator
		{3C474AA4-3040-483E-8D32-DCD4D91496EB}.Release|iPhoneSimulator.Build.0 = Release|iPhoneSimulator
		{DCF362D9-738D-4C1F-A6FB-4E6C4EEC81BA}.Ad-Hoc|Any CPU.ActiveCfg = Debug|Any CPU
		{DCF362D9-738D-4C1F-A6FB-4E6C4EEC81BA}.Ad-Hoc|Any CPU.Build.0 = Debug|Any CPU
		{DCF362D9-738D-4C1F-A6FB-4E6C4EEC81BA}.Ad-Hoc|iPhone.ActiveCfg = Debug|Any CPU
		{DCF362D9-738D-4C1F-A6FB-4E6C4EEC81BA}.Ad-Hoc|iPhone.Build.0 = Debug|Any CPU
		{DCF362D9-738D-4C1F-A6FB-4E6C4EEC81BA}.Ad-Hoc|iPhoneSimulator.ActiveCfg = Debug|Any CPU
		{DCF362D9-738D-4C1F-A6FB-4E6C4EEC81BA}.Ad-Hoc|iPhoneSimulator.Build.0 = Debug|Any CPU
		{DCF362D9-738D-4C1F-A6FB-4E6C4EEC81BA}.AppStore|Any CPU.ActiveCfg = Debug|Any CPU
		{DCF362D9-738D-4C1F-A6FB-4E6C4EEC81BA}.AppStore|Any CPU.Build.0 = Debug|Any CPU
		{DCF362D9-738D-4C1F-A6FB-4E6C4EEC81BA}.AppStore|iPhone.ActiveCfg = Debug|Any CPU
		{DCF362D9-738D-4C1F-A6FB-4E6C4EEC81BA}.AppStore|iPhone.Build.0 = Debug|Any CPU
		{DCF362D9-738D-4C1F-A6FB-4E6C4EEC81BA}.AppStore|iPhoneSimulator.ActiveCfg = Debug|Any CPU
		{DCF362D9-738D-4C1F-A6FB-4E6C4EEC81BA}.AppStore|iPhoneSimulator.Build.0 = Debug|Any CPU
		{DCF362D9-738D-4C1F-A6FB-4E6C4EEC81BA}.Debug|Any CPU.ActiveCfg = Debug|Any CPU
		{DCF362D9-738D-4C1F-A6FB-4E6C4EEC81BA}.Debug|Any CPU.Build.0 = Debug|Any CPU
		{DCF362D9-738D-4C1F-A6FB-4E6C4EEC81BA}.Debug|iPhone.ActiveCfg = Debug|Any CPU
		{DCF362D9-738D-4C1F-A6FB-4E6C4EEC81BA}.Debug|iPhone.Build.0 = Debug|Any CPU
		{DCF362D9-738D-4C1F-A6FB-4E6C4EEC81BA}.Debug|iPhoneSimulator.ActiveCfg = Debug|Any CPU
		{DCF362D9-738D-4C1F-A6FB-4E6C4EEC81BA}.Debug|iPhoneSimulator.Build.0 = Debug|Any CPU
		{DCF362D9-738D-4C1F-A6FB-4E6C4EEC81BA}.Release|Any CPU.ActiveCfg = Release|Any CPU
		{DCF362D9-738D-4C1F-A6FB-4E6C4EEC81BA}.Release|Any CPU.Build.0 = Release|Any CPU
		{DCF362D9-738D-4C1F-A6FB-4E6C4EEC81BA}.Release|iPhone.ActiveCfg = Release|Any CPU
		{DCF362D9-738D-4C1F-A6FB-4E6C4EEC81BA}.Release|iPhone.Build.0 = Release|Any CPU
		{DCF362D9-738D-4C1F-A6FB-4E6C4EEC81BA}.Release|iPhoneSimulator.ActiveCfg = Release|Any CPU
		{DCF362D9-738D-4C1F-A6FB-4E6C4EEC81BA}.Release|iPhoneSimulator.Build.0 = Release|Any CPU
		{0073371D-26EF-4D82-AD0A-EC44F8428B5A}.Ad-Hoc|Any CPU.ActiveCfg = Debug|Any CPU
		{0073371D-26EF-4D82-AD0A-EC44F8428B5A}.Ad-Hoc|Any CPU.Build.0 = Debug|Any CPU
		{0073371D-26EF-4D82-AD0A-EC44F8428B5A}.Ad-Hoc|iPhone.ActiveCfg = Debug|Any CPU
		{0073371D-26EF-4D82-AD0A-EC44F8428B5A}.Ad-Hoc|iPhone.Build.0 = Debug|Any CPU
		{0073371D-26EF-4D82-AD0A-EC44F8428B5A}.Ad-Hoc|iPhoneSimulator.ActiveCfg = Debug|Any CPU
		{0073371D-26EF-4D82-AD0A-EC44F8428B5A}.Ad-Hoc|iPhoneSimulator.Build.0 = Debug|Any CPU
		{0073371D-26EF-4D82-AD0A-EC44F8428B5A}.AppStore|Any CPU.ActiveCfg = Debug|Any CPU
		{0073371D-26EF-4D82-AD0A-EC44F8428B5A}.AppStore|Any CPU.Build.0 = Debug|Any CPU
		{0073371D-26EF-4D82-AD0A-EC44F8428B5A}.AppStore|iPhone.ActiveCfg = Debug|Any CPU
		{0073371D-26EF-4D82-AD0A-EC44F8428B5A}.AppStore|iPhone.Build.0 = Debug|Any CPU
		{0073371D-26EF-4D82-AD0A-EC44F8428B5A}.AppStore|iPhoneSimulator.ActiveCfg = Debug|Any CPU
		{0073371D-26EF-4D82-AD0A-EC44F8428B5A}.AppStore|iPhoneSimulator.Build.0 = Debug|Any CPU
		{0073371D-26EF-4D82-AD0A-EC44F8428B5A}.Debug|Any CPU.ActiveCfg = Debug|Any CPU
		{0073371D-26EF-4D82-AD0A-EC44F8428B5A}.Debug|Any CPU.Build.0 = Debug|Any CPU
		{0073371D-26EF-4D82-AD0A-EC44F8428B5A}.Debug|iPhone.ActiveCfg = Debug|Any CPU
		{0073371D-26EF-4D82-AD0A-EC44F8428B5A}.Debug|iPhone.Build.0 = Debug|Any CPU
		{0073371D-26EF-4D82-AD0A-EC44F8428B5A}.Debug|iPhoneSimulator.ActiveCfg = Debug|Any CPU
		{0073371D-26EF-4D82-AD0A-EC44F8428B5A}.Debug|iPhoneSimulator.Build.0 = Debug|Any CPU
		{0073371D-26EF-4D82-AD0A-EC44F8428B5A}.Release|Any CPU.ActiveCfg = Release|Any CPU
		{0073371D-26EF-4D82-AD0A-EC44F8428B5A}.Release|Any CPU.Build.0 = Release|Any CPU
		{0073371D-26EF-4D82-AD0A-EC44F8428B5A}.Release|iPhone.ActiveCfg = Release|Any CPU
		{0073371D-26EF-4D82-AD0A-EC44F8428B5A}.Release|iPhone.Build.0 = Release|Any CPU
		{0073371D-26EF-4D82-AD0A-EC44F8428B5A}.Release|iPhoneSimulator.ActiveCfg = Release|Any CPU
		{0073371D-26EF-4D82-AD0A-EC44F8428B5A}.Release|iPhoneSimulator.Build.0 = Release|Any CPU
	EndGlobalSection
	GlobalSection(SolutionProperties) = preSolution
		HideSolutionNode = FALSE
	EndGlobalSection
	GlobalSection(NestedProjects) = preSolution
		{55FD61BF-24CB-4853-A655-B2A60D4060C3} = {53666408-0A2E-4388-86A8-CF83147D87D1}
		{3C474AA4-3040-483E-8D32-DCD4D91496EB} = {53666408-0A2E-4388-86A8-CF83147D87D1}
		{DCF362D9-738D-4C1F-A6FB-4E6C4EEC81BA} = {53666408-0A2E-4388-86A8-CF83147D87D1}
		{0073371D-26EF-4D82-AD0A-EC44F8428B5A} = {1A9E4BD3-3519-47F0-91A5-B0FF865E864E}
	EndGlobalSection
	GlobalSection(ExtensibilityGlobals) = postSolution
		SolutionGuid = {6975FF2F-65D9-4878-A564-A476D6646CA2}
	EndGlobalSection
EndGlobal
